
Microsoft Visual Studio Solution File, Format Version 12.00
# Visual Studio 15
VisualStudioVersion = 15.0.27703.2042
MinimumVisualStudioVersion = 10.0.40219.1
Project("{8BC9CEB8-8B4A-11D0-8D11-00A0C91BC942}") = "w32-console-asteroids", "w32-console-asteroids\w32-console-asteroids.vcxproj", "{D03DB066-32C3-43BA-A81C-A8A835991F08}"
EndProject
Global
	GlobalSection(SolutionConfigurationPlatforms) = preSolution
		Debug|x64 = Debug|x64
		Debug|x86 = Debug|x86
		Release|x64 = Release|x64
		Release|x86 = Release|x86
	EndGlobalSection
	GlobalSection(ProjectConfigurationPlatforms) = postSolution
		{D03DB066-32C3-43BA-A81C-A8A835991F08}.Debug|x64.ActiveCfg = Debug|x64
		{D03DB066-32C3-43BA-A81C-A8A835991F08}.Debug|x64.Build.0 = Debug|x64
		{D03DB066-32C3-43BA-A81C-A8A835991F08}.Debug|x86.ActiveCfg = Debug|Win32
		{D03DB066-32C3-43BA-A81C-A8A835991F08}.Debug|x86.Build.0 = Debug|Win32
		{D03DB066-32C3-43BA-A81C-A8A835991F08}.Release|x64.ActiveCfg = Release|x64
		{D03DB066-32C3-43BA-A81C-A8A835991F08}.Release|x64.Build.0 = Release|x64
		{D03DB066-32C3-43BA-A81C-A8A835991F08}.Release|x86.ActiveCfg = Release|Win32
		{D03DB066-32C3-43BA-A81C-A8A835991F08}.Release|x86.Build.0 = Release|Win32
	EndGlobalSection
	GlobalSection(SolutionProperties) = preSolution
		HideSolutionNode = FALSE
	EndGlobalSection
	GlobalSection(ExtensibilityGlobals) = postSolution
		SolutionGuid = {3E10FD86-82A8-4F72-B9B4-A0DBEE07D56A}
	EndGlobalSection
EndGlobal
