
Microsoft Visual Studio Solution File, Format Version 12.00
# Visual Studio 15
VisualStudioVersion = 15.0.27703.2042
MinimumVisualStudioVersion = 10.0.40219.1
Project("{8BC9CEB8-8B4A-11D0-8D11-00A0C91BC942}") = "w32-pixel-3d-engine", "w32-pixel-3d-engine.vcxproj", "{24A6FD86-E2CF-4F86-B9CE-B87419213740}"
EndProject
Global
	GlobalSection(SolutionConfigurationPlatforms) = preSolution
		Debug|x64 = Debug|x64
		Debug|x86 = Debug|x86
		Release|x64 = Release|x64
		Release|x86 = Release|x86
	EndGlobalSection
	GlobalSection(ProjectConfigurationPlatforms) = postSolution
		{24A6FD86-E2CF-4F86-B9CE-B87419213740}.Debug|x64.ActiveCfg = Debug|x64
		{24A6FD86-E2CF-4F86-B9CE-B87419213740}.Debug|x64.Build.0 = Debug|x64
		{24A6FD86-E2CF-4F86-B9CE-B87419213740}.Debug|x86.ActiveCfg = Debug|Win32
		{24A6FD86-E2CF-4F86-B9CE-B87419213740}.Debug|x86.Build.0 = Debug|Win32
		{24A6FD86-E2CF-4F86-B9CE-B87419213740}.Release|x64.ActiveCfg = Release|x64
		{24A6FD86-E2CF-4F86-B9CE-B87419213740}.Release|x64.Build.0 = Release|x64
		{24A6FD86-E2CF-4F86-B9CE-B87419213740}.Release|x86.ActiveCfg = Release|Win32
		{24A6FD86-E2CF-4F86-B9CE-B87419213740}.Release|x86.Build.0 = Release|Win32
	EndGlobalSection
	GlobalSection(SolutionProperties) = preSolution
		HideSolutionNode = FALSE
	EndGlobalSection
	GlobalSection(ExtensibilityGlobals) = postSolution
		SolutionGuid = {444735E0-07FB-48D4-91EC-C72964259797}
	EndGlobalSection
EndGlobal
